// !$*UTF8*$!
{
	archiveVersion = 1;
	classes = {
	};
	objectVersion = 51;
	objects = {

/* Begin PBXBuildFile section */
		1A5DB37B22AE8DCA000F7F92 /* README.md in Resources */ = {isa = PBXBuildFile; fileRef = 1A5DB37A22AE8DCA000F7F92 /* README.md */; };
		1A5DB37D22AE8E24000F7F92 /* install.sh in Resources */ = {isa = PBXBuildFile; fileRef = 1A5DB37C22AE8E24000F7F92 /* install.sh */; };
		1A695F26229F8FDD008DEC0F /* replacements.txt in Resources */ = {isa = PBXBuildFile; fileRef = 1A695F25229F8FDD008DEC0F /* replacements.txt */; };
		1AB0D0F622AD6AE400D71347 /* main.swift in Sources */ = {isa = PBXBuildFile; fileRef = 1AB0D0F522AD6AE400D71347 /* main.swift */; };
		1AC14D8B22AE875100549402 /* icon.pdf in Resources */ = {isa = PBXBuildFile; fileRef = 1AC14D8A22AE875100549402 /* icon.pdf */; };
		1AC76A9D23B6D9D0009BD2D7 /* InfoPlist.strings in Resources */ = {isa = PBXBuildFile; fileRef = 1AC76A9B23B6D9D0009BD2D7 /* InfoPlist.strings */; };
		1ACC934222AC5CEB00D924A7 /* UnicodeInputController.swift in Sources */ = {isa = PBXBuildFile; fileRef = 1ACC934122AC5CEB00D924A7 /* UnicodeInputController.swift */; };
		1ADC700522ACAF2600E556A4 /* Replacements.swift in Sources */ = {isa = PBXBuildFile; fileRef = 1ADC700422ACAF2600E556A4 /* Replacements.swift */; };
		F61A7AD61E818BF300EBF660 /* InputMethodKit.framework in Frameworks */ = {isa = PBXBuildFile; fileRef = F61A7AD51E818BF300EBF660 /* InputMethodKit.framework */; };
/* End PBXBuildFile section */

/* Begin PBXFileReference section */
		1A5DB37A22AE8DCA000F7F92 /* README.md */ = {isa = PBXFileReference; fileEncoding = 4; lastKnownFileType = net.daringfireball.markdown; path = README.md; sourceTree = "<group>"; };
		1A5DB37C22AE8E24000F7F92 /* install.sh */ = {isa = PBXFileReference; fileEncoding = 4; lastKnownFileType = text.script.sh; path = install.sh; sourceTree = "<group>"; };
		1A695F25229F8FDD008DEC0F /* replacements.txt */ = {isa = PBXFileReference; indentWidth = 8; lastKnownFileType = text; path = replacements.txt; sourceTree = "<group>"; tabWidth = 8; usesTabs = 1; };
		1AB0D0F522AD6AE400D71347 /* main.swift */ = {isa = PBXFileReference; lastKnownFileType = sourcecode.swift; path = main.swift; sourceTree = "<group>"; };
		1AC14D8A22AE875100549402 /* icon.pdf */ = {isa = PBXFileReference; lastKnownFileType = image.pdf; path = icon.pdf; sourceTree = "<group>"; };
		1AC76A9C23B6D9D0009BD2D7 /* Base */ = {isa = PBXFileReference; lastKnownFileType = text.plist.strings; name = Base; path = Base.lproj/InfoPlist.strings; sourceTree = "<group>"; };
		1ACC934122AC5CEB00D924A7 /* UnicodeInputController.swift */ = {isa = PBXFileReference; lastKnownFileType = sourcecode.swift; path = UnicodeInputController.swift; sourceTree = "<group>"; };
		1ADC700422ACAF2600E556A4 /* Replacements.swift */ = {isa = PBXFileReference; lastKnownFileType = sourcecode.swift; path = Replacements.swift; sourceTree = "<group>"; };
		F61A7ABB1E8182C100EBF660 /* UnicodeInput.app */ = {isa = PBXFileReference; explicitFileType = wrapper.application; includeInIndex = 0; path = UnicodeInput.app; sourceTree = BUILT_PRODUCTS_DIR; };
		F61A7ACC1E8182C100EBF660 /* Info.plist */ = {isa = PBXFileReference; lastKnownFileType = text.plist.xml; path = Info.plist; sourceTree = "<group>"; };
		F61A7AD51E818BF300EBF660 /* InputMethodKit.framework */ = {isa = PBXFileReference; lastKnownFileType = wrapper.framework; name = InputMethodKit.framework; path = System/Library/Frameworks/InputMethodKit.framework; sourceTree = SDKROOT; };
/* End PBXFileReference section */

/* Begin PBXFrameworksBuildPhase section */
		F61A7AB81E8182C100EBF660 /* Frameworks */ = {
			isa = PBXFrameworksBuildPhase;
			buildActionMask = 2147483647;
			files = (
				F61A7AD61E818BF300EBF660 /* InputMethodKit.framework in Frameworks */,
			);
			runOnlyForDeploymentPostprocessing = 0;
		};
/* End PBXFrameworksBuildPhase section */

/* Begin PBXGroup section */
		F61A7AB21E8182C100EBF660 = {
			isa = PBXGroup;
			children = (
				1A5DB37C22AE8E24000F7F92 /* install.sh */,
				1A5DB37A22AE8DCA000F7F92 /* README.md */,
				F61A7ABD1E8182C100EBF660 /* UnicodeInput */,
				F61A7ABC1E8182C100EBF660 /* Products */,
				F61A7AD41E818BF300EBF660 /* Frameworks */,
			);
			sourceTree = "<group>";
		};
		F61A7ABC1E8182C100EBF660 /* Products */ = {
			isa = PBXGroup;
			children = (
				F61A7ABB1E8182C100EBF660 /* UnicodeInput.app */,
			);
			name = Products;
			sourceTree = "<group>";
		};
		F61A7ABD1E8182C100EBF660 /* UnicodeInput */ = {
			isa = PBXGroup;
			children = (
				1AC14D8A22AE875100549402 /* icon.pdf */,
				F61A7ACC1E8182C100EBF660 /* Info.plist */,
				1A695F25229F8FDD008DEC0F /* replacements.txt */,
				1ACC934122AC5CEB00D924A7 /* UnicodeInputController.swift */,
				1ADC700422ACAF2600E556A4 /* Replacements.swift */,
				1AB0D0F522AD6AE400D71347 /* main.swift */,
				1AC76A9B23B6D9D0009BD2D7 /* InfoPlist.strings */,
			);
			path = UnicodeInput;
			sourceTree = "<group>";
		};
		F61A7AD41E818BF300EBF660 /* Frameworks */ = {
			isa = PBXGroup;
			children = (
				F61A7AD51E818BF300EBF660 /* InputMethodKit.framework */,
			);
			name = Frameworks;
			sourceTree = "<group>";
		};
/* End PBXGroup section */

/* Begin PBXNativeTarget section */
		F61A7ABA1E8182C100EBF660 /* UnicodeInput */ = {
			isa = PBXNativeTarget;
			buildConfigurationList = F61A7ACF1E8182C100EBF660 /* Build configuration list for PBXNativeTarget "UnicodeInput" */;
			buildPhases = (
				F61A7AB71E8182C100EBF660 /* Sources */,
				F61A7AB81E8182C100EBF660 /* Frameworks */,
				F61A7AB91E8182C100EBF660 /* Resources */,
			);
			buildRules = (
			);
			dependencies = (
			);
			name = UnicodeInput;
			productName = UnicodeInput;
			productReference = F61A7ABB1E8182C100EBF660 /* UnicodeInput.app */;
			productType = "com.apple.product-type.application";
		};
/* End PBXNativeTarget section */

/* Begin PBXProject section */
		F61A7AB31E8182C100EBF660 /* Project object */ = {
			isa = PBXProject;
			attributes = {
				LastUpgradeCheck = 1030;
				ORGANIZATIONNAME = "Kyle Raftogianis";
				TargetAttributes = {
					F61A7ABA1E8182C100EBF660 = {
						CreatedOnToolsVersion = 8.2.1;
						LastSwiftMigration = 1030;
						ProvisioningStyle = Automatic;
					};
				};
			};
			buildConfigurationList = F61A7AB61E8182C100EBF660 /* Build configuration list for PBXProject "UnicodeInput" */;
			compatibilityVersion = "Xcode 10.0";
			developmentRegion = en;
			hasScannedForEncodings = 0;
			knownRegions = (
				en,
				Base,
			);
			mainGroup = F61A7AB21E8182C100EBF660;
			productRefGroup = F61A7ABC1E8182C100EBF660 /* Products */;
			projectDirPath = "";
			projectRoot = "";
			targets = (
				F61A7ABA1E8182C100EBF660 /* UnicodeInput */,
			);
		};
/* End PBXProject section */

/* Begin PBXResourcesBuildPhase section */
		F61A7AB91E8182C100EBF660 /* Resources */ = {
			isa = PBXResourcesBuildPhase;
			buildActionMask = 2147483647;
			files = (
				1A5DB37B22AE8DCA000F7F92 /* README.md in Resources */,
				1A695F26229F8FDD008DEC0F /* replacements.txt in Resources */,
				1A5DB37D22AE8E24000F7F92 /* install.sh in Resources */,
				1AC14D8B22AE875100549402 /* icon.pdf in Resources */,
				1AC76A9D23B6D9D0009BD2D7 /* InfoPlist.strings in Resources */,
			);
			runOnlyForDeploymentPostprocessing = 0;
		};
/* End PBXResourcesBuildPhase section */

/* Begin PBXSourcesBuildPhase section */
		F61A7AB71E8182C100EBF660 /* Sources */ = {
			isa = PBXSourcesBuildPhase;
			buildActionMask = 2147483647;
			files = (
				1ADC700522ACAF2600E556A4 /* Replacements.swift in Sources */,
				1AB0D0F622AD6AE400D71347 /* main.swift in Sources */,
				1ACC934222AC5CEB00D924A7 /* UnicodeInputController.swift in Sources */,
			);
			runOnlyForDeploymentPostprocessing = 0;
		};
/* End PBXSourcesBuildPhase section */

/* Begin PBXVariantGroup section */
		1AC76A9B23B6D9D0009BD2D7 /* InfoPlist.strings */ = {
			isa = PBXVariantGroup;
			children = (
				1AC76A9C23B6D9D0009BD2D7 /* Base */,
			);
			name = InfoPlist.strings;
			sourceTree = "<group>";
		};
/* End PBXVariantGroup section */

/* Begin XCBuildConfiguration section */
		F61A7ACD1E8182C100EBF660 /* Debug */ = {
			isa = XCBuildConfiguration;
			buildSettings = {
				ALWAYS_SEARCH_USER_PATHS = NO;
				CLANG_ANALYZER_NONNULL = YES;
				CLANG_CXX_LANGUAGE_STANDARD = "gnu++0x";
				CLANG_CXX_LIBRARY = "libc++";
				CLANG_ENABLE_MODULES = YES;
				CLANG_ENABLE_OBJC_ARC = YES;
				CLANG_WARN_BLOCK_CAPTURE_AUTORELEASING = YES;
				CLANG_WARN_BOOL_CONVERSION = YES;
				CLANG_WARN_COMMA = YES;
				CLANG_WARN_CONSTANT_CONVERSION = YES;
				CLANG_WARN_DEPRECATED_OBJC_IMPLEMENTATIONS = YES;
				CLANG_WARN_DIRECT_OBJC_ISA_USAGE = YES_ERROR;
				CLANG_WARN_DOCUMENTATION_COMMENTS = YES;
				CLANG_WARN_EMPTY_BODY = YES;
				CLANG_WARN_ENUM_CONVERSION = YES;
				CLANG_WARN_INFINITE_RECURSION = YES;
				CLANG_WARN_INT_CONVERSION = YES;
				CLANG_WARN_NON_LITERAL_NULL_CONVERSION = YES;
				CLANG_WARN_OBJC_IMPLICIT_RETAIN_SELF = YES;
				CLANG_WARN_OBJC_LITERAL_CONVERSION = YES;
				CLANG_WARN_OBJC_ROOT_CLASS = YES_ERROR;
				CLANG_WARN_RANGE_LOOP_ANALYSIS = YES;
				CLANG_WARN_STRICT_PROTOTYPES = YES;
				CLANG_WARN_SUSPICIOUS_MOVE = YES;
				CLANG_WARN_UNREACHABLE_CODE = YES;
				CLANG_WARN__DUPLICATE_METHOD_MATCH = YES;
				CODE_SIGN_IDENTITY = "";
				COPY_PHASE_STRIP = NO;
				DEBUG_INFORMATION_FORMAT = dwarf;
				ENABLE_STRICT_OBJC_MSGSEND = YES;
				ENABLE_TESTABILITY = YES;
				GCC_C_LANGUAGE_STANDARD = gnu99;
				GCC_DYNAMIC_NO_PIC = NO;
				GCC_NO_COMMON_BLOCKS = YES;
				GCC_OPTIMIZATION_LEVEL = 0;
				GCC_PREPROCESSOR_DEFINITIONS = (
					"DEBUG=1",
					"$(inherited)",
				);
				GCC_WARN_64_TO_32_BIT_CONVERSION = YES;
				GCC_WARN_ABOUT_RETURN_TYPE = YES_ERROR;
				GCC_WARN_UNDECLARED_SELECTOR = YES;
				GCC_WARN_UNINITIALIZED_AUTOS = YES_AGGRESSIVE;
				GCC_WARN_UNUSED_FUNCTION = YES;
				GCC_WARN_UNUSED_VARIABLE = YES;
				MACOSX_DEPLOYMENT_TARGET = 10.9;
				MTL_ENABLE_DEBUG_INFO = YES;
				ONLY_ACTIVE_ARCH = YES;
				SDKROOT = macosx;
			};
			name = Debug;
		};
		F61A7ACE1E8182C100EBF660 /* Release */ = {
			isa = XCBuildConfiguration;
			buildSettings = {
				ALWAYS_SEARCH_USER_PATHS = NO;
				CLANG_ANALYZER_NONNULL = YES;
				CLANG_CXX_LANGUAGE_STANDARD = "gnu++0x";
				CLANG_CXX_LIBRARY = "libc++";
				CLANG_ENABLE_MODULES = YES;
				CLANG_ENABLE_OBJC_ARC = YES;
				CLANG_WARN_BLOCK_CAPTURE_AUTORELEASING = YES;
				CLANG_WARN_BOOL_CONVERSION = YES;
				CLANG_WARN_COMMA = YES;
				CLANG_WARN_CONSTANT_CONVERSION = YES;
				CLANG_WARN_DEPRECATED_OBJC_IMPLEMENTATIONS = YES;
				CLANG_WARN_DIRECT_OBJC_ISA_USAGE = YES_ERROR;
				CLANG_WARN_DOCUMENTATION_COMMENTS = YES;
				CLANG_WARN_EMPTY_BODY = YES;
				CLANG_WARN_ENUM_CONVERSION = YES;
				CLANG_WARN_INFINITE_RECURSION = YES;
				CLANG_WARN_INT_CONVERSION = YES;
				CLANG_WARN_NON_LITERAL_NULL_CONVERSION = YES;
				CLANG_WARN_OBJC_IMPLICIT_RETAIN_SELF = YES;
				CLANG_WARN_OBJC_LITERAL_CONVERSION = YES;
				CLANG_WARN_OBJC_ROOT_CLASS = YES_ERROR;
				CLANG_WARN_RANGE_LOOP_ANALYSIS = YES;
				CLANG_WARN_STRICT_PROTOTYPES = YES;
				CLANG_WARN_SUSPICIOUS_MOVE = YES;
				CLANG_WARN_UNREACHABLE_CODE = YES;
				CLANG_WARN__DUPLICATE_METHOD_MATCH = YES;
				CODE_SIGN_IDENTITY = "";
				COPY_PHASE_STRIP = NO;
				DEBUG_INFORMATION_FORMAT = "dwarf-with-dsym";
				ENABLE_NS_ASSERTIONS = NO;
				ENABLE_STRICT_OBJC_MSGSEND = YES;
				GCC_C_LANGUAGE_STANDARD = gnu99;
				GCC_NO_COMMON_BLOCKS = YES;
				GCC_WARN_64_TO_32_BIT_CONVERSION = YES;
				GCC_WARN_ABOUT_RETURN_TYPE = YES_ERROR;
				GCC_WARN_UNDECLARED_SELECTOR = YES;
				GCC_WARN_UNINITIALIZED_AUTOS = YES_AGGRESSIVE;
				GCC_WARN_UNUSED_FUNCTION = YES;
				GCC_WARN_UNUSED_VARIABLE = YES;
				MACOSX_DEPLOYMENT_TARGET = 10.9;
				MTL_ENABLE_DEBUG_INFO = NO;
				SDKROOT = macosx;
				SWIFT_COMPILATION_MODE = wholemodule;
			};
			name = Release;
		};
		F61A7AD01E8182C100EBF660 /* Debug */ = {
			isa = XCBuildConfiguration;
			buildSettings = {
				CLANG_ENABLE_MODULES = YES;
				COMBINE_HIDPI_IMAGES = YES;
				CONFIGURATION_BUILD_DIR = build/Debug;
				INFOPLIST_FILE = "$(SRCROOT)/UnicodeInput/Info.plist";
				LD_RUNPATH_SEARCH_PATHS = (
					"$(inherited)",
					"@executable_path/../Frameworks",
				);
				MACOSX_DEPLOYMENT_TARGET = 10.9;
				PRODUCT_BUNDLE_IDENTIFIER = com.knrafto.inputmethod.UnicodeInput;
				PRODUCT_NAME = "$(TARGET_NAME)";
				SWIFT_OBJC_BRIDGING_HEADER = "";
				SWIFT_OPTIMIZATION_LEVEL = "-Onone";
				SWIFT_VERSION = 5.0;
			};
			name = Debug;
		};
		F61A7AD11E8182C100EBF660 /* Release */ = {
			isa = XCBuildConfiguration;
			buildSettings = {
				CLANG_ENABLE_MODULES = YES;
				COMBINE_HIDPI_IMAGES = YES;
				INFOPLIST_FILE = "$(SRCROOT)/UnicodeInput/Info.plist";
				LD_RUNPATH_SEARCH_PATHS = (
					"$(inherited)",
					"@executable_path/../Frameworks",
				);
				MACOSX_DEPLOYMENT_TARGET = 10.9;
				PRODUCT_BUNDLE_IDENTIFIER = com.knrafto.inputmethod.UnicodeInput;
				PRODUCT_NAME = "$(TARGET_NAME)";
				SWIFT_OBJC_BRIDGING_HEADER = "";
				SWIFT_VERSION = 5.0;
			};
			name = Release;
		};
/* End XCBuildConfiguration section */

/* Begin XCConfigurationList section */
		F61A7AB61E8182C100EBF660 /* Build configuration list for PBXProject "UnicodeInput" */ = {
			isa = XCConfigurationList;
			buildConfigurations = (
				F61A7ACD1E8182C100EBF660 /* Debug */,
				F61A7ACE1E8182C100EBF660 /* Release */,
			);
			defaultConfigurationIsVisible = 0;
			defaultConfigurationName = Release;
		};
		F61A7ACF1E8182C100EBF660 /* Build configuration list for PBXNativeTarget "UnicodeInput" */ = {
			isa = XCConfigurationList;
			buildConfigurations = (
				F61A7AD01E8182C100EBF660 /* Debug */,
				F61A7AD11E8182C100EBF660 /* Release */,
			);
			defaultConfigurationIsVisible = 0;
			defaultConfigurationName = Release;
		};
/* End XCConfigurationList section */
	};
	rootObject = F61A7AB31E8182C100EBF660 /* Project object */;
}
